PODS:
  - Masonry (1.1.0)
  - Reachability (3.2)
  - SJBaseVideoPlayer (3.2.6):
    - Masonry
    - Reachability
    - SJBaseVideoPlayer/AVPlayer (= 3.2.6)
    - SJBaseVideoPlayer/Common (= 3.2.6)
    - SJUIKit/AttributesFactory (>= 0.0.0.38)
    - SJUIKit/ObserverHelper
    - SJUIKit/Queues
    - SJUIKit/SQLite3
  - SJBaseVideoPlayer/AVPlayer (3.2.6):
    - Masonry
    - Reachability
    - SJBaseVideoPlayer/Common
    - SJUIKit/AttributesFactory (>= 0.0.0.38)
    - SJUIKit/ObserverHelper
    - SJUIKit/Queues
    - SJUIKit/SQLite3
  - SJBaseVideoPlayer/Common (3.2.6):
    - Masonry
    - Reachability
    - SJBaseVideoPlayer/ResourceLoader
    - SJUIKit/AttributesFactory (>= 0.0.0.38)
    - SJUIKit/ObserverHelper
    - SJUIKit/Queues
    - SJUIKit/SQLite3
  - SJBaseVideoPlayer/ResourceLoader (3.2.6):
    - Masonry
    - Reachability
    - SJUIKit/AttributesFactory (>= 0.0.0.38)
    - SJUIKit/ObserverHelper
    - SJUIKit/Queues
    - SJUIKit/SQLite3
  - SJUIKit/AttributesFactory (0.0.0.42):
    - SJUIKit/AttributesFactory/Deprecated (= 0.0.0.42)
    - SJUIKit/AttributesFactory/UIKitText (= 0.0.0.42)
  - SJUIKit/AttributesFactory/Deprecated (0.0.0.42)
  - SJUIKit/AttributesFactory/UIKitText (0.0.0.42)
  - SJUIKit/ObserverHelper (0.0.0.42)
  - SJUIKit/Queues (0.0.0.42)
  - SJUIKit/SQLite3 (0.0.0.42):
    - SJUIKit/SQLite3/Core (= 0.0.0.42)
    - SJUIKit/SQLite3/Protocol (= 0.0.0.42)
  - SJUIKit/SQLite3/Core (0.0.0.42):
    - SJUIKit/SQLite3/Protocol
  - SJUIKit/SQLite3/Protocol (0.0.0.42)
  - SJVideoPlayer (3.2.4):
    - SJBaseVideoPlayer (>= 3.2.5)
    - SJVideoPlayer/Common (= 3.2.4)
    - SJVideoPlayer/ControlLayers (= 3.2.4)
    - SJVideoPlayer/ResourceLoader (= 3.2.4)
  - SJVideoPlayer/Common (3.2.4):
    - Masonry
    - SJBaseVideoPlayer (>= 3.2.5)
    - SJUIKit/AttributesFactory
    - SJVideoPlayer/ResourceLoader
  - SJVideoPlayer/ControlLayers (3.2.4):
    - SJBaseVideoPlayer (>= 3.2.5)
    - SJVideoPlayer/Common
  - SJVideoPlayer/ResourceLoader (3.2.4):
    - SJBaseVideoPlayer (>= 3.2.5)

DEPENDENCIES:
  - SJBaseVideoPlayer
  - SJVideoPlayer

SPEC REPOS:
  https://github.com/CocoaPods/Specs.git:
    - Masonry
    - Reachability
    - SJBaseVideoPlayer
    - SJUIKit
    - SJVideoPlayer

SPEC CHECKSUMS:
  Masonry: 678fab65091a9290e40e2832a55e7ab731aad201
  Reachability: 33e18b67625424e47b6cde6d202dce689ad7af96
  SJBaseVideoPlayer: 6d12484e40ae56aeb7cd33d4c8588adb7e113798
  SJUIKit: 1356488a2488a9aafeddaf6a098006277c0eb9b8
  SJVideoPlayer: acee9fab2b384fc87ed7636c05977d8dd3cdb4ee

PODFILE CHECKSUM: 0d8ee80b570b38737f8747153b37b9947d92a98a

COCOAPODS: 1.9.1
